{
  "pins" : [
    {
      "identity" : "async-http-client",
      "kind" : "remoteSourceControl",
      "location" : "https://github.com/swift-server/async-http-client.git",
      "state" : {
        "revision" : "5bee16a79922e3efcb5cea06ecd27e6f8048b56b",
        "version" : "1.13.1"
      }
    },
    {
      "identity" : "hummingbird-mustache",
      "kind" : "remoteSourceControl",
      "location" : "https://github.com/hummingbird-project/hummingbird-mustache.git",
      "state" : {
        "revision" : "fa5617622333da6334252a9d7e3633129b89120d",
        "version" : "1.0.3"
      }
    },
    {
      "identity" : "jmespath.swift",
      "kind" : "remoteSourceControl",
      "location" : "https://github.com/adam-fowler/jmespath.swift.git",
      "state" : {
        "revision" : "4513d319c4aaa6c3b2ac18e1e6566a803515ad91",
        "version" : "1.0.2"
      }
    },
    {
      "identity" : "soto-codegenerator",
      "kind" : "remoteSourceControl",
      "location" : "https://github.com/soto-project/soto-codegenerator",
      "state" : {
        "branch" : "main",
        "revision" : "1a76a930928daff74c9921ae8d4da64455ac3810"
      }
    },
    {
      "identity" : "soto-core",
      "kind" : "remoteSourceControl",
      "location" : "https://github.com/soto-project/soto-core.git",
      "state" : {
        "revision" : "84a53eaef17c29ec8eb14dfcee1e44d5880b85b7",
        "version" : "6.3.0"
      }
    },
    {
      "identity" : "soto-smithy",
      "kind" : "remoteSourceControl",
      "location" : "https://github.com/soto-project/soto-smithy.git",
      "state" : {
        "revision" : "115376513ee48fdb9d713dec8dceed3e70f78940",
        "version" : "0.3.4"
      }
    },
    {
      "identity" : "swift-argument-parser",
      "kind" : "remoteSourceControl",
      "location" : "https://github.com/apple/swift-argument-parser.git",
      "state" : {
        "revision" : "fddd1c00396eed152c45a46bea9f47b98e59301d",
        "version" : "1.2.0"
      }
    },
    {
      "identity" : "swift-atomics",
      "kind" : "remoteSourceControl",
      "location" : "https://github.com/apple/swift-atomics.git",
      "state" : {
        "revision" : "919eb1d83e02121cdb434c7bfc1f0c66ef17febe",
        "version" : "1.0.2"
      }
    },
    {
      "identity" : "swift-collections",
      "kind" : "remoteSourceControl",
      "location" : "https://github.com/apple/swift-collections.git",
      "state" : {
        "revision" : "f504716c27d2e5d4144fa4794b12129301d17729",
        "version" : "1.0.3"
      }
    },
    {
      "identity" : "swift-log",
      "kind" : "remoteSourceControl",
      "location" : "https://github.com/apple/swift-log.git",
      "state" : {
        "revision" : "6fe203dc33195667ce1759bf0182975e4653ba1c",
        "version" : "1.4.4"
      }
    },
    {
      "identity" : "swift-metrics",
      "kind" : "remoteSourceControl",
      "location" : "https://github.com/apple/swift-metrics.git",
      "state" : {
        "revision" : "53be78637ecd165d1ddedc4e20de69b8f43ec3b7",
        "version" : "2.3.2"
      }
    },
    {
      "identity" : "swift-nio",
      "kind" : "remoteSourceControl",
      "location" : "https://github.com/apple/swift-nio.git",
      "state" : {
        "revision" : "e855380cb5234e96b760d93e0bfdc403e381e928",
        "version" : "2.45.0"
      }
    },
    {
      "identity" : "swift-nio-extras",
      "kind" : "remoteSourceControl",
      "location" : "https://github.com/apple/swift-nio-extras.git",
      "state" : {
        "revision" : "91dd2d61fb772e1311bb5f13b59266b579d77e42",
        "version" : "1.15.0"
      }
    },
    {
      "identity" : "swift-nio-http2",
      "kind" : "remoteSourceControl",
      "location" : "https://github.com/apple/swift-nio-http2.git",
      "state" : {
        "revision" : "d6656967f33ed8b368b38e4b198631fc7c484a40",
        "version" : "1.23.1"
      }
    },
    {
      "identity" : "swift-nio-ssl",
      "kind" : "remoteSourceControl",
      "location" : "https://github.com/apple/swift-nio-ssl.git",
      "state" : {
        "revision" : "4fb7ead803e38949eb1d6fabb849206a72c580f3",
        "version" : "2.23.0"
      }
    },
    {
      "identity" : "swift-nio-transport-services",
      "kind" : "remoteSourceControl",
      "location" : "https://github.com/apple/swift-nio-transport-services.git",
      "state" : {
        "revision" : "c0d9a144cfaec8d3d596aadde3039286a266c15c",
        "version" : "1.15.0"
      }
    }
  ],
  "version" : 2
}
